
Microsoft Visual Studio Solution File, Format Version 12.00
# Visual Studio 2013
VisualStudioVersion = 12.0.30723.0
MinimumVisualStudioVersion = 10.0.40219.1
Project("{FAE04EC0-301F-11D3-BF4B-00C04F79EFBC}") = "SurfaceProTouchToggler", "SurfaceProTouchToggler\SurfaceProTouchToggler.csproj", "{7A400023-AD34-47A1-A6E8-CDAF7E822ECA}"
EndProject
Global
	GlobalSection(SolutionConfigurationPlatforms) = preSolution
		CD_ROM|Any CPU = CD_ROM|Any CPU
		Debug|Any CPU = Debug|Any CPU
		DVD-5|Any CPU = DVD-5|Any CPU
		Release|Any CPU = Release|Any CPU
		SingleImage|Any CPU = SingleImage|Any CPU
	EndGlobalSection
	GlobalSection(ProjectConfigurationPlatforms) = postSolution
		{7A400023-AD34-47A1-A6E8-CDAF7E822ECA}.CD_ROM|Any CPU.ActiveCfg = Release|Any CPU
		{7A400023-AD34-47A1-A6E8-CDAF7E822ECA}.CD_ROM|Any CPU.Build.0 = Release|Any CPU
		{7A400023-AD34-47A1-A6E8-CDAF7E822ECA}.Debug|Any CPU.ActiveCfg = Debug|Any CPU
		{7A400023-AD34-47A1-A6E8-CDAF7E822ECA}.Debug|Any CPU.Build.0 = Debug|Any CPU
		{7A400023-AD34-47A1-A6E8-CDAF7E822ECA}.DVD-5|Any CPU.ActiveCfg = Debug|Any CPU
		{7A400023-AD34-47A1-A6E8-CDAF7E822ECA}.DVD-5|Any CPU.Build.0 = Debug|Any CPU
		{7A400023-AD34-47A1-A6E8-CDAF7E822ECA}.Release|Any CPU.ActiveCfg = Release|Any CPU
		{7A400023-AD34-47A1-A6E8-CDAF7E822ECA}.Release|Any CPU.Build.0 = Release|Any CPU
		{7A400023-AD34-47A1-A6E8-CDAF7E822ECA}.SingleImage|Any CPU.ActiveCfg = Release|Any CPU
		{7A400023-AD34-47A1-A6E8-CDAF7E822ECA}.SingleImage|Any CPU.Build.0 = Release|Any CPU
	EndGlobalSection
	GlobalSection(SolutionProperties) = preSolution
		HideSolutionNode = FALSE
	EndGlobalSection
EndGlobal
